// !$*UTF8*$!
{
	archiveVersion = 1;
	classes = {
	};
	objectVersion = 46;
	objects = {

/* Begin PBXBuildFile section */
		37DD2B1A44434518B4F2D81D /* Pods_SmallGMaps.framework in Frameworks */ = {isa = PBXBuildFile; fileRef = 06372248F6127E923E1CBC26 /* Pods_SmallGMaps.framework */; };
		CB4547971DB8E75C0023C74E /* MapTasks.swift in Sources */ = {isa = PBXBuildFile; fileRef = CB4547961DB8E75C0023C74E /* MapTasks.swift */; };
		CBA214F01DB6584100661B92 /* AppDelegate.swift in Sources */ = {isa = PBXBuildFile; fileRef = CBA214EF1DB6584100661B92 /* AppDelegate.swift */; };
		CBA214F21DB6584100661B92 /* ViewController.swift in Sources */ = {isa = PBXBuildFile; fileRef = CBA214F11DB6584100661B92 /* ViewController.swift */; };
		CBA214F51DB6584100661B92 /* Main.storyboard in Resources */ = {isa = PBXBuildFile; fileRef = CBA214F31DB6584100661B92 /* Main.storyboard */; };
		CBA214F71DB6584100661B92 /* Assets.xcassets in Resources */ = {isa = PBXBuildFile; fileRef = CBA214F61DB6584100661B92 /* Assets.xcassets */; };
		CBA214FA1DB6584100661B92 /* LaunchScreen.storyboard in Resources */ = {isa = PBXBuildFile; fileRef = CBA214F81DB6584100661B92 /* LaunchScreen.storyboard */; };
/* End PBXBuildFile section */

/* Begin PBXFileReference section */
		06372248F6127E923E1CBC26 /* Pods_SmallGMaps.framework */ = {isa = PBXFileReference; explicitFileType = wrapper.framework; includeInIndex = 0; path = Pods_SmallGMaps.framework; sourceTree = BUILT_PRODUCTS_DIR; };
		3DA2D2BF2A952B5391318D88 /* Pods-SmallGMaps.debug.xcconfig */ = {isa = PBXFileReference; includeInIndex = 1; lastKnownFileType = text.xcconfig; name = "Pods-SmallGMaps.debug.xcconfig"; path = "Pods/Target Support Files/Pods-SmallGMaps/Pods-SmallGMaps.debug.xcconfig"; sourceTree = "<group>"; };
		C90B10157747AF2116E49F64 /* Pods-SmallGMaps.release.xcconfig */ = {isa = PBXFileReference; includeInIndex = 1; lastKnownFileType = text.xcconfig; name = "Pods-SmallGMaps.release.xcconfig"; path = "Pods/Target Support Files/Pods-SmallGMaps/Pods-SmallGMaps.release.xcconfig"; sourceTree = "<group>"; };
		CB4547961DB8E75C0023C74E /* MapTasks.swift */ = {isa = PBXFileReference; fileEncoding = 4; lastKnownFileType = sourcecode.swift; path = MapTasks.swift; sourceTree = "<group>"; };
		CBA214EC1DB6584100661B92 /* SmallGMaps.app */ = {isa = PBXFileReference; explicitFileType = wrapper.application; includeInIndex = 0; path = SmallGMaps.app; sourceTree = BUILT_PRODUCTS_DIR; };
		CBA214EF1DB6584100661B92 /* AppDelegate.swift */ = {isa = PBXFileReference; lastKnownFileType = sourcecode.swift; path = AppDelegate.swift; sourceTree = "<group>"; };
		CBA214F11DB6584100661B92 /* ViewController.swift */ = {isa = PBXFileReference; lastKnownFileType = sourcecode.swift; path = ViewController.swift; sourceTree = "<group>"; };
		CBA214F41DB6584100661B92 /* Base */ = {isa = PBXFileReference; lastKnownFileType = file.storyboard; name = Base; path = Base.lproj/Main.storyboard; sourceTree = "<group>"; };
		CBA214F61DB6584100661B92 /* Assets.xcassets */ = {isa = PBXFileReference; lastKnownFileType = folder.assetcatalog; path = Assets.xcassets; sourceTree = "<group>"; };
		CBA214F91DB6584100661B92 /* Base */ = {isa = PBXFileReference; lastKnownFileType = file.storyboard; name = Base; path = Base.lproj/LaunchScreen.storyboard; sourceTree = "<group>"; };
		CBA214FB1DB6584100661B92 /* Info.plist */ = {isa = PBXFileReference; lastKnownFileType = text.plist.xml; path = Info.plist; sourceTree = "<group>"; };
/* End PBXFileReference section */

/* Begin PBXFrameworksBuildPhase section */
		CBA214E91DB6584100661B92 /* Frameworks */ = {
			isa = PBXFrameworksBuildPhase;
			buildActionMask = 2147483647;
			files = (
				37DD2B1A44434518B4F2D81D /* Pods_SmallGMaps.framework in Frameworks */,
			);
			runOnlyForDeploymentPostprocessing = 0;
		};
/* End PBXFrameworksBuildPhase section */

/* Begin PBXGroup section */
		0E93999F347A43E0E810333C /* Frameworks */ = {
			isa = PBXGroup;
			children = (
				06372248F6127E923E1CBC26 /* Pods_SmallGMaps.framework */,
			);
			name = Frameworks;
			sourceTree = "<group>";
		};
		9B8245DE3BEFD649F4E197EB /* Pods */ = {
			isa = PBXGroup;
			children = (
				3DA2D2BF2A952B5391318D88 /* Pods-SmallGMaps.debug.xcconfig */,
				C90B10157747AF2116E49F64 /* Pods-SmallGMaps.release.xcconfig */,
			);
			name = Pods;
			sourceTree = "<group>";
		};
		CB0CE5CA1DBB4E48009E07A9 /* Class */ = {
			isa = PBXGroup;
			children = (
				CB4547961DB8E75C0023C74E /* MapTasks.swift */,
			);
			name = Class;
			sourceTree = "<group>";
		};
		CBA214E31DB6584100661B92 = {
			isa = PBXGroup;
			children = (
				CBA214EE1DB6584100661B92 /* SmallGMaps */,
				CBA214ED1DB6584100661B92 /* Products */,
				9B8245DE3BEFD649F4E197EB /* Pods */,
				0E93999F347A43E0E810333C /* Frameworks */,
			);
			sourceTree = "<group>";
		};
		CBA214ED1DB6584100661B92 /* Products */ = {
			isa = PBXGroup;
			children = (
				CBA214EC1DB6584100661B92 /* SmallGMaps.app */,
			);
			name = Products;
			sourceTree = "<group>";
		};
		CBA214EE1DB6584100661B92 /* SmallGMaps */ = {
			isa = PBXGroup;
			children = (
				CB0CE5CA1DBB4E48009E07A9 /* Class */,
				CBA214EF1DB6584100661B92 /* AppDelegate.swift */,
				CBA214F11DB6584100661B92 /* ViewController.swift */,
				CBA214F31DB6584100661B92 /* Main.storyboard */,
				CBA214F61DB6584100661B92 /* Assets.xcassets */,
				CBA214F81DB6584100661B92 /* LaunchScreen.storyboard */,
				CBA214FB1DB6584100661B92 /* Info.plist */,
			);
			path = SmallGMaps;
			sourceTree = "<group>";
		};
/* End PBXGroup section */

/* Begin PBXNativeTarget section */
		CBA214EB1DB6584100661B92 /* SmallGMaps */ = {
			isa = PBXNativeTarget;
			buildConfigurationList = CBA214FE1DB6584100661B92 /* Build configuration list for PBXNativeTarget "SmallGMaps" */;
			buildPhases = (
				D4B3B01ABB2F5F3EDE1F308E /* [CP] Check Pods Manifest.lock */,
				CBA214E81DB6584100661B92 /* Sources */,
				CBA214E91DB6584100661B92 /* Frameworks */,
				CBA214EA1DB6584100661B92 /* Resources */,
				3AB18CB8C33A7EC08FAC1ED8 /* [CP] Embed Pods Frameworks */,
				4CA7C305778697387FDAF00E /* [CP] Copy Pods Resources */,
			);
			buildRules = (
			);
			dependencies = (
			);
			name = SmallGMaps;
			productName = SmallGMaps;
			productReference = CBA214EC1DB6584100661B92 /* SmallGMaps.app */;
			productType = "com.apple.product-type.application";
		};
/* End PBXNativeTarget section */

/* Begin PBXProject section */
		CBA214E41DB6584100661B92 /* Project object */ = {
			isa = PBXProject;
			attributes = {
				LastSwiftUpdateCheck = 0800;
				LastUpgradeCheck = 0800;
				ORGANIZATIONNAME = Ollie;
				TargetAttributes = {
					CBA214EB1DB6584100661B92 = {
						CreatedOnToolsVersion = 8.0;
						DevelopmentTeam = 8H7X36TF25;
						ProvisioningStyle = Automatic;
					};
				};
			};
			buildConfigurationList = CBA214E71DB6584100661B92 /* Build configuration list for PBXProject "SmallGMaps" */;
			compatibilityVersion = "Xcode 3.2";
			developmentRegion = English;
			hasScannedForEncodings = 0;
			knownRegions = (
				en,
				Base,
			);
			mainGroup = CBA214E31DB6584100661B92;
			productRefGroup = CBA214ED1DB6584100661B92 /* Products */;
			projectDirPath = "";
			projectRoot = "";
			targets = (
				CBA214EB1DB6584100661B92 /* SmallGMaps */,
			);
		};
/* End PBXProject section */

/* Begin PBXResourcesBuildPhase section */
		CBA214EA1DB6584100661B92 /* Resources */ = {
			isa = PBXResourcesBuildPhase;
			buildActionMask = 2147483647;
			files = (
				CBA214FA1DB6584100661B92 /* LaunchScreen.storyboard in Resources */,
				CBA214F71DB6584100661B92 /* Assets.xcassets in Resources */,
				CBA214F51DB6584100661B92 /* Main.storyboard in Resources */,
			);
			runOnlyForDeploymentPostprocessing = 0;
		};
/* End PBXResourcesBuildPhase section */

/* Begin PBXShellScriptBuildPhase section */
		3AB18CB8C33A7EC08FAC1ED8 /* [CP] Embed Pods Frameworks */ = {
			isa = PBXShellScriptBuildPhase;
			buildActionMask = 2147483647;
			files = (
			);
			inputPaths = (
			);
			name = "[CP] Embed Pods Frameworks";
			outputPaths = (
			);
			runOnlyForDeploymentPostprocessing = 0;
			shellPath = /bin/sh;
			shellScript = "\"${SRCROOT}/Pods/Target Support Files/Pods-SmallGMaps/Pods-SmallGMaps-frameworks.sh\"\n";
			showEnvVarsInLog = 0;
		};
		4CA7C305778697387FDAF00E /* [CP] Copy Pods Resources */ = {
			isa = PBXShellScriptBuildPhase;
			buildActionMask = 2147483647;
			files = (
			);
			inputPaths = (
			);
			name = "[CP] Copy Pods Resources";
			outputPaths = (
			);
			runOnlyForDeploymentPostprocessing = 0;
			shellPath = /bin/sh;
			shellScript = "\"${SRCROOT}/Pods/Target Support Files/Pods-SmallGMaps/Pods-SmallGMaps-resources.sh\"\n";
			showEnvVarsInLog = 0;
		};
		D4B3B01ABB2F5F3EDE1F308E /* [CP] Check Pods Manifest.lock */ = {
			isa = PBXShellScriptBuildPhase;
			buildActionMask = 2147483647;
			files = (
			);
			inputPaths = (
			);
			name = "[CP] Check Pods Manifest.lock";
			outputPaths = (
			);
			runOnlyForDeploymentPostprocessing = 0;
			shellPath = /bin/sh;
			shellScript = "diff \"${PODS_ROOT}/../Podfile.lock\" \"${PODS_ROOT}/Manifest.lock\" > /dev/null\nif [ $? != 0 ] ; then\n    # print error to STDERR\n    echo \"error: The sandbox is not in sync with the Podfile.lock. Run 'pod install' or update your CocoaPods installation.\" >&2\n    exit 1\nfi\n";
			showEnvVarsInLog = 0;
		};
/* End PBXShellScriptBuildPhase section */

/* Begin PBXSourcesBuildPhase section */
		CBA214E81DB6584100661B92 /* Sources */ = {
			isa = PBXSourcesBuildPhase;
			buildActionMask = 2147483647;
			files = (
				CB4547971DB8E75C0023C74E /* MapTasks.swift in Sources */,
				CBA214F21DB6584100661B92 /* ViewController.swift in Sources */,
				CBA214F01DB6584100661B92 /* AppDelegate.swift in Sources */,
			);
			runOnlyForDeploymentPostprocessing = 0;
		};
/* End PBXSourcesBuildPhase section */

/* Begin PBXVariantGroup section */
		CBA214F31DB6584100661B92 /* Main.storyboard */ = {
			isa = PBXVariantGroup;
			children = (
				CBA214F41DB6584100661B92 /* Base */,
			);
			name = Main.storyboard;
			sourceTree = "<group>";
		};
		CBA214F81DB6584100661B92 /* LaunchScreen.storyboard */ = {
			isa = PBXVariantGroup;
			children = (
				CBA214F91DB6584100661B92 /* Base */,
			);
			name = LaunchScreen.storyboard;
			sourceTree = "<group>";
		};
/* End PBXVariantGroup section */

/* Begin XCBuildConfiguration section */
		CBA214FC1DB6584100661B92 /* Debug */ = {
			isa = XCBuildConfiguration;
			buildSettings = {
				ALWAYS_SEARCH_USER_PATHS = NO;
				CLANG_ANALYZER_NONNULL = YES;
				CLANG_CXX_LANGUAGE_STANDARD = "gnu++0x";
				CLANG_CXX_LIBRARY = "libc++";
				CLANG_ENABLE_MODULES = YES;
				CLANG_ENABLE_OBJC_ARC = YES;
				CLANG_WARN_BOOL_CONVERSION = YES;
				CLANG_WARN_CONSTANT_CONVERSION = YES;
				CLANG_WARN_DIRECT_OBJC_ISA_USAGE = YES_ERROR;
				CLANG_WARN_DOCUMENTATION_COMMENTS = YES;
				CLANG_WARN_EMPTY_BODY = YES;
				CLANG_WARN_ENUM_CONVERSION = YES;
				CLANG_WARN_INFINITE_RECURSION = YES;
				CLANG_WARN_INT_CONVERSION = YES;
				CLANG_WARN_OBJC_ROOT_CLASS = YES_ERROR;
				CLANG_WARN_SUSPICIOUS_MOVES = YES;
				CLANG_WARN_UNREACHABLE_CODE = YES;
				CLANG_WARN__DUPLICATE_METHOD_MATCH = YES;
				"CODE_SIGN_IDENTITY[sdk=iphoneos*]" = "iPhone Developer";
				COPY_PHASE_STRIP = NO;
				DEBUG_INFORMATION_FORMAT = dwarf;
				ENABLE_STRICT_OBJC_MSGSEND = YES;
				ENABLE_TESTABILITY = YES;
				GCC_C_LANGUAGE_STANDARD = gnu99;
				GCC_DYNAMIC_NO_PIC = NO;
				GCC_NO_COMMON_BLOCKS = YES;
				GCC_OPTIMIZATION_LEVEL = 0;
				GCC_PREPROCESSOR_DEFINITIONS = (
					"DEBUG=1",
					"$(inherited)",
				);
				GCC_WARN_64_TO_32_BIT_CONVERSION = YES;
				GCC_WARN_ABOUT_RETURN_TYPE = YES_ERROR;
				GCC_WARN_UNDECLARED_SELECTOR = YES;
				GCC_WARN_UNINITIALIZED_AUTOS = YES_AGGRESSIVE;
				GCC_WARN_UNUSED_FUNCTION = YES;
				GCC_WARN_UNUSED_VARIABLE = YES;
				IPHONEOS_DEPLOYMENT_TARGET = 10.0;
				MTL_ENABLE_DEBUG_INFO = YES;
				ONLY_ACTIVE_ARCH = YES;
				SDKROOT = iphoneos;
				SWIFT_ACTIVE_COMPILATION_CONDITIONS = DEBUG;
				SWIFT_OPTIMIZATION_LEVEL = "-Onone";
			};
			name = Debug;
		};
		CBA214FD1DB6584100661B92 /* Release */ = {
			isa = XCBuildConfiguration;
			buildSettings = {
				ALWAYS_SEARCH_USER_PATHS = NO;
				CLANG_ANALYZER_NONNULL = YES;
				CLANG_CXX_LANGUAGE_STANDARD = "gnu++0x";
				CLANG_CXX_LIBRARY = "libc++";
				CLANG_ENABLE_MODULES = YES;
				CLANG_ENABLE_OBJC_ARC = YES;
				CLANG_WARN_BOOL_CONVERSION = YES;
				CLANG_WARN_CONSTANT_CONVERSION = YES;
				CLANG_WARN_DIRECT_OBJC_ISA_USAGE = YES_ERROR;
				CLANG_WARN_DOCUMENTATION_COMMENTS = YES;
				CLANG_WARN_EMPTY_BODY = YES;
				CLANG_WARN_ENUM_CONVERSION = YES;
				CLANG_WARN_INFINITE_RECURSION = YES;
				CLANG_WARN_INT_CONVERSION = YES;
				CLANG_WARN_OBJC_ROOT_CLASS = YES_ERROR;
				CLANG_WARN_SUSPICIOUS_MOVES = YES;
				CLANG_WARN_UNREACHABLE_CODE = YES;
				CLANG_WARN__DUPLICATE_METHOD_MATCH = YES;
				"CODE_SIGN_IDENTITY[sdk=iphoneos*]" = "iPhone Developer";
				COPY_PHASE_STRIP = NO;
				DEBUG_INFORMATION_FORMAT = "dwarf-with-dsym";
				ENABLE_NS_ASSERTIONS = NO;
				ENABLE_STRICT_OBJC_MSGSEND = YES;
				GCC_C_LANGUAGE_STANDARD = gnu99;
				GCC_NO_COMMON_BLOCKS = YES;
				GCC_WARN_64_TO_32_BIT_CONVERSION = YES;
				GCC_WARN_ABOUT_RETURN_TYPE = YES_ERROR;
				GCC_WARN_UNDECLARED_SELECTOR = YES;
				GCC_WARN_UNINITIALIZED_AUTOS = YES_AGGRESSIVE;
				GCC_WARN_UNUSED_FUNCTION = YES;
				GCC_WARN_UNUSED_VARIABLE = YES;
				IPHONEOS_DEPLOYMENT_TARGET = 10.0;
				MTL_ENABLE_DEBUG_INFO = NO;
				SDKROOT = iphoneos;
				SWIFT_OPTIMIZATION_LEVEL = "-Owholemodule";
				VALIDATE_PRODUCT = YES;
			};
			name = Release;
		};
		CBA214FF1DB6584100661B92 /* Debug */ = {
			isa = XCBuildConfiguration;
			baseConfigurationReference = 3DA2D2BF2A952B5391318D88 /* Pods-SmallGMaps.debug.xcconfig */;
			buildSettings = {
				ASSETCATALOG_COMPILER_APPICON_NAME = AppIcon;
				DEVELOPMENT_TEAM = 8H7X36TF25;
				INFOPLIST_FILE = SmallGMaps/Info.plist;
				IPHONEOS_DEPLOYMENT_TARGET = 9.0;
				LD_RUNPATH_SEARCH_PATHS = "$(inherited) @executable_path/Frameworks";
				PRODUCT_BUNDLE_IDENTIFIER = co.alphacamp.SmallGMaps;
				PRODUCT_NAME = "$(TARGET_NAME)";
				SWIFT_VERSION = 3.0;
			};
			name = Debug;
		};
		CBA215001DB6584100661B92 /* Release */ = {
			isa = XCBuildConfiguration;
			baseConfigurationReference = C90B10157747AF2116E49F64 /* Pods-SmallGMaps.release.xcconfig */;
			buildSettings = {
				ASSETCATALOG_COMPILER_APPICON_NAME = AppIcon;
				DEVELOPMENT_TEAM = 8H7X36TF25;
				INFOPLIST_FILE = SmallGMaps/Info.plist;
				IPHONEOS_DEPLOYMENT_TARGET = 9.0;
				LD_RUNPATH_SEARCH_PATHS = "$(inherited) @executable_path/Frameworks";
				PRODUCT_BUNDLE_IDENTIFIER = co.alphacamp.SmallGMaps;
				PRODUCT_NAME = "$(TARGET_NAME)";
				SWIFT_VERSION = 3.0;
			};
			name = Release;
		};
/* End XCBuildConfiguration section */

/* Begin XCConfigurationList section */
		CBA214E71DB6584100661B92 /* Build configuration list for PBXProject "SmallGMaps" */ = {
			isa = XCConfigurationList;
			buildConfigurations = (
				CBA214FC1DB6584100661B92 /* Debug */,
				CBA214FD1DB6584100661B92 /* Release */,
			);
			defaultConfigurationIsVisible = 0;
			defaultConfigurationName = Release;
		};
		CBA214FE1DB6584100661B92 /* Build configuration list for PBXNativeTarget "SmallGMaps" */ = {
			isa = XCConfigurationList;
			buildConfigurations = (
				CBA214FF1DB6584100661B92 /* Debug */,
				CBA215001DB6584100661B92 /* Release */,
			);
			defaultConfigurationIsVisible = 0;
			defaultConfigurationName = Release;
		};
/* End XCConfigurationList section */
	};
	rootObject = CBA214E41DB6584100661B92 /* Project object */;
}
